// !$*UTF8*$!
{
	archiveVersion = 1;
	classes = {
	};
	objectVersion = 51;
	objects = {

/* Begin PBXBuildFile section */
		1030D715257363B200D90E30 /* mymoviedbApp.swift in Sources */ = {isa = PBXBuildFile; fileRef = 1030D714257363B200D90E30 /* mymoviedbApp.swift */; };
		1030D719257363B400D90E30 /* Assets.xcassets in Resources */ = {isa = PBXBuildFile; fileRef = 1030D718257363B400D90E30 /* Assets.xcassets */; };
		1030D71C257363B400D90E30 /* Preview Assets.xcassets in Resources */ = {isa = PBXBuildFile; fileRef = 1030D71B257363B400D90E30 /* Preview Assets.xcassets */; };
		1030D7262573658B00D90E30 /* NetworkController.swift in Sources */ = {isa = PBXBuildFile; fileRef = 1030D7252573658B00D90E30 /* NetworkController.swift */; };
		1030D72A257365B500D90E30 /* Endpoint.swift in Sources */ = {isa = PBXBuildFile; fileRef = 1030D729257365B500D90E30 /* Endpoint.swift */; };
		1030D72F2573668700D90E30 /* SplashView.swift in Sources */ = {isa = PBXBuildFile; fileRef = 1030D72E2573668700D90E30 /* SplashView.swift */; };
		1030D74425736D0300D90E30 /* AppDelegate.swift in Sources */ = {isa = PBXBuildFile; fileRef = 1030D74325736D0300D90E30 /* AppDelegate.swift */; };
		1030D74725736E1B00D90E30 /* GoogleService-Info.plist in Resources */ = {isa = PBXBuildFile; fileRef = 1030D74625736E1B00D90E30 /* GoogleService-Info.plist */; };
		1030D74B25736E7700D90E30 /* SplashViewModel.swift in Sources */ = {isa = PBXBuildFile; fileRef = 1030D74A25736E7700D90E30 /* SplashViewModel.swift */; };
		26070B63F39FD548B55E3B6E /* Pods_mymoviedb.framework in Frameworks */ = {isa = PBXBuildFile; fileRef = ADA1A6C22B8A71A839CAD2A3 /* Pods_mymoviedb.framework */; };
/* End PBXBuildFile section */

/* Begin PBXFileReference section */
		1030D711257363B200D90E30 /* mymoviedb.app */ = {isa = PBXFileReference; explicitFileType = wrapper.application; includeInIndex = 0; path = mymoviedb.app; sourceTree = BUILT_PRODUCTS_DIR; };
		1030D714257363B200D90E30 /* mymoviedbApp.swift */ = {isa = PBXFileReference; lastKnownFileType = sourcecode.swift; path = mymoviedbApp.swift; sourceTree = "<group>"; };
		1030D718257363B400D90E30 /* Assets.xcassets */ = {isa = PBXFileReference; lastKnownFileType = folder.assetcatalog; path = Assets.xcassets; sourceTree = "<group>"; };
		1030D71B257363B400D90E30 /* Preview Assets.xcassets */ = {isa = PBXFileReference; lastKnownFileType = folder.assetcatalog; path = "Preview Assets.xcassets"; sourceTree = "<group>"; };
		1030D71D257363B400D90E30 /* Info.plist */ = {isa = PBXFileReference; lastKnownFileType = text.plist.xml; path = Info.plist; sourceTree = "<group>"; };
		1030D7252573658B00D90E30 /* NetworkController.swift */ = {isa = PBXFileReference; lastKnownFileType = sourcecode.swift; path = NetworkController.swift; sourceTree = "<group>"; };
		1030D729257365B500D90E30 /* Endpoint.swift */ = {isa = PBXFileReference; lastKnownFileType = sourcecode.swift; path = Endpoint.swift; sourceTree = "<group>"; };
		1030D72E2573668700D90E30 /* SplashView.swift */ = {isa = PBXFileReference; lastKnownFileType = sourcecode.swift; path = SplashView.swift; sourceTree = "<group>"; };
		1030D74325736D0300D90E30 /* AppDelegate.swift */ = {isa = PBXFileReference; fileEncoding = 4; lastKnownFileType = sourcecode.swift; path = AppDelegate.swift; sourceTree = "<group>"; };
		1030D74625736E1B00D90E30 /* GoogleService-Info.plist */ = {isa = PBXFileReference; fileEncoding = 4; lastKnownFileType = text.plist.xml; path = "GoogleService-Info.plist"; sourceTree = "<group>"; };
		1030D74A25736E7700D90E30 /* SplashViewModel.swift */ = {isa = PBXFileReference; lastKnownFileType = sourcecode.swift; path = SplashViewModel.swift; sourceTree = "<group>"; };
		3EE4FE976436B99FEFDE6F27 /* Pods-mymoviedb.release.xcconfig */ = {isa = PBXFileReference; includeInIndex = 1; lastKnownFileType = text.xcconfig; name = "Pods-mymoviedb.release.xcconfig"; path = "Target Support Files/Pods-mymoviedb/Pods-mymoviedb.release.xcconfig"; sourceTree = "<group>"; };
		4C5C80C50221768675FF0469 /* Pods-mymoviedb.debug.xcconfig */ = {isa = PBXFileReference; includeInIndex = 1; lastKnownFileType = text.xcconfig; name = "Pods-mymoviedb.debug.xcconfig"; path = "Target Support Files/Pods-mymoviedb/Pods-mymoviedb.debug.xcconfig"; sourceTree = "<group>"; };
		ADA1A6C22B8A71A839CAD2A3 /* Pods_mymoviedb.framework */ = {isa = PBXFileReference; explicitFileType = wrapper.framework; includeInIndex = 0; path = Pods_mymoviedb.framework; sourceTree = BUILT_PRODUCTS_DIR; };
/* End PBXFileReference section */

/* Begin PBXFrameworksBuildPhase section */
		1030D70E257363B200D90E30 /* Frameworks */ = {
			isa = PBXFrameworksBuildPhase;
			buildActionMask = 2147483647;
			files = (
				26070B63F39FD548B55E3B6E /* Pods_mymoviedb.framework in Frameworks */,
			);
			runOnlyForDeploymentPostprocessing = 0;
		};
/* End PBXFrameworksBuildPhase section */

/* Begin PBXGroup section */
		1030D708257363B200D90E30 = {
			isa = PBXGroup;
			children = (
				1030D713257363B200D90E30 /* mymoviedb */,
				1030D712257363B200D90E30 /* Products */,
				BDDC0E9BB8E9734587664625 /* Pods */,
				F3056C21ED5BF6E9025BE224 /* Frameworks */,
			);
			sourceTree = "<group>";
		};
		1030D712257363B200D90E30 /* Products */ = {
			isa = PBXGroup;
			children = (
				1030D711257363B200D90E30 /* mymoviedb.app */,
			);
			name = Products;
			sourceTree = "<group>";
		};
		1030D713257363B200D90E30 /* mymoviedb */ = {
			isa = PBXGroup;
			children = (
				1030D74325736D0300D90E30 /* AppDelegate.swift */,
				1030D714257363B200D90E30 /* mymoviedbApp.swift */,
				1030D7242573656E00D90E30 /* Networking */,
				1030D72C2573664F00D90E30 /* Scenes */,
				1030D718257363B400D90E30 /* Assets.xcassets */,
				1030D71D257363B400D90E30 /* Info.plist */,
				1030D74625736E1B00D90E30 /* GoogleService-Info.plist */,
				1030D71A257363B400D90E30 /* Preview Content */,
			);
			path = mymoviedb;
			sourceTree = "<group>";
		};
		1030D71A257363B400D90E30 /* Preview Content */ = {
			isa = PBXGroup;
			children = (
				1030D71B257363B400D90E30 /* Preview Assets.xcassets */,
			);
			path = "Preview Content";
			sourceTree = "<group>";
		};
		1030D7242573656E00D90E30 /* Networking */ = {
			isa = PBXGroup;
			children = (
				1030D7252573658B00D90E30 /* NetworkController.swift */,
				1030D729257365B500D90E30 /* Endpoint.swift */,
			);
			path = Networking;
			sourceTree = "<group>";
		};
		1030D72C2573664F00D90E30 /* Scenes */ = {
			isa = PBXGroup;
			children = (
				1030D72D2573666F00D90E30 /* Splash */,
			);
			path = Scenes;
			sourceTree = "<group>";
		};
		1030D72D2573666F00D90E30 /* Splash */ = {
			isa = PBXGroup;
			children = (
				1030D72E2573668700D90E30 /* SplashView.swift */,
				1030D74A25736E7700D90E30 /* SplashViewModel.swift */,
			);
			path = Splash;
			sourceTree = "<group>";
		};
		BDDC0E9BB8E9734587664625 /* Pods */ = {
			isa = PBXGroup;
			children = (
				4C5C80C50221768675FF0469 /* Pods-mymoviedb.debug.xcconfig */,
				3EE4FE976436B99FEFDE6F27 /* Pods-mymoviedb.release.xcconfig */,
			);
			path = Pods;
			sourceTree = "<group>";
		};
		F3056C21ED5BF6E9025BE224 /* Frameworks */ = {
			isa = PBXGroup;
			children = (
				ADA1A6C22B8A71A839CAD2A3 /* Pods_mymoviedb.framework */,
			);
			name = Frameworks;
			sourceTree = "<group>";
		};
/* End PBXGroup section */

/* Begin PBXNativeTarget section */
		1030D710257363B200D90E30 /* mymoviedb */ = {
			isa = PBXNativeTarget;
			buildConfigurationList = 1030D720257363B400D90E30 /* Build configuration list for PBXNativeTarget "mymoviedb" */;
			buildPhases = (
				E690598C95EAD8EE5E9DBEE6 /* [CP] Check Pods Manifest.lock */,
				1030D70D257363B200D90E30 /* Sources */,
				1030D70E257363B200D90E30 /* Frameworks */,
				1030D70F257363B200D90E30 /* Resources */,
				2593782B9DC065A2E1985282 /* [CP] Embed Pods Frameworks */,
			);
			buildRules = (
			);
			dependencies = (
			);
			name = mymoviedb;
			productName = mymoviedb;
			productReference = 1030D711257363B200D90E30 /* mymoviedb.app */;
			productType = "com.apple.product-type.application";
		};
/* End PBXNativeTarget section */

/* Begin PBXProject section */
		1030D709257363B200D90E30 /* Project object */ = {
			isa = PBXProject;
			attributes = {
				LastSwiftUpdateCheck = 1220;
				LastUpgradeCheck = 1220;
				TargetAttributes = {
					1030D710257363B200D90E30 = {
						CreatedOnToolsVersion = 12.2;
					};
				};
			};
			buildConfigurationList = 1030D70C257363B200D90E30 /* Build configuration list for PBXProject "mymoviedb" */;
			compatibilityVersion = "Xcode 9.3";
			developmentRegion = en;
			hasScannedForEncodings = 0;
			knownRegions = (
				en,
				Base,
			);
			mainGroup = 1030D708257363B200D90E30;
			productRefGroup = 1030D712257363B200D90E30 /* Products */;
			projectDirPath = "";
			projectRoot = "";
			targets = (
				1030D710257363B200D90E30 /* mymoviedb */,
			);
		};
/* End PBXProject section */

/* Begin PBXResourcesBuildPhase section */
		1030D70F257363B200D90E30 /* Resources */ = {
			isa = PBXResourcesBuildPhase;
			buildActionMask = 2147483647;
			files = (
				1030D71C257363B400D90E30 /* Preview Assets.xcassets in Resources */,
				1030D719257363B400D90E30 /* Assets.xcassets in Resources */,
				1030D74725736E1B00D90E30 /* GoogleService-Info.plist in Resources */,
			);
			runOnlyForDeploymentPostprocessing = 0;
		};
/* End PBXResourcesBuildPhase section */

/* Begin PBXShellScriptBuildPhase section */
		2593782B9DC065A2E1985282 /* [CP] Embed Pods Frameworks */ = {
			isa = PBXShellScriptBuildPhase;
			buildActionMask = 2147483647;
			files = (
			);
			inputFileListPaths = (
				"${PODS_ROOT}/Target Support Files/Pods-mymoviedb/Pods-mymoviedb-frameworks-${CONFIGURATION}-input-files.xcfilelist",
			);
			name = "[CP] Embed Pods Frameworks";
			outputFileListPaths = (
				"${PODS_ROOT}/Target Support Files/Pods-mymoviedb/Pods-mymoviedb-frameworks-${CONFIGURATION}-output-files.xcfilelist",
			);
			runOnlyForDeploymentPostprocessing = 0;
			shellPath = /bin/sh;
			shellScript = "\"${PODS_ROOT}/Target Support Files/Pods-mymoviedb/Pods-mymoviedb-frameworks.sh\"\n";
			showEnvVarsInLog = 0;
		};
		E690598C95EAD8EE5E9DBEE6 /* [CP] Check Pods Manifest.lock */ = {
			isa = PBXShellScriptBuildPhase;
			buildActionMask = 2147483647;
			files = (
			);
			inputFileListPaths = (
			);
			inputPaths = (
				"${PODS_PODFILE_DIR_PATH}/Podfile.lock",
				"${PODS_ROOT}/Manifest.lock",
			);
			name = "[CP] Check Pods Manifest.lock";
			outputFileListPaths = (
			);
			outputPaths = (
				"$(DERIVED_FILE_DIR)/Pods-mymoviedb-checkManifestLockResult.txt",
			);
			runOnlyForDeploymentPostprocessing = 0;
			shellPath = /bin/sh;
			shellScript = "diff \"${PODS_PODFILE_DIR_PATH}/Podfile.lock\" \"${PODS_ROOT}/Manifest.lock\" > /dev/null\nif [ $? != 0 ] ; then\n    # print error to STDERR\n    echo \"error: The sandbox is not in sync with the Podfile.lock. Run 'pod install' or update your CocoaPods installation.\" >&2\n    exit 1\nfi\n# This output is used by Xcode 'outputs' to avoid re-running this script phase.\necho \"SUCCESS\" > \"${SCRIPT_OUTPUT_FILE_0}\"\n";
			showEnvVarsInLog = 0;
		};
/* End PBXShellScriptBuildPhase section */

/* Begin PBXSourcesBuildPhase section */
		1030D70D257363B200D90E30 /* Sources */ = {
			isa = PBXSourcesBuildPhase;
			buildActionMask = 2147483647;
			files = (
				1030D74425736D0300D90E30 /* AppDelegate.swift in Sources */,
				1030D715257363B200D90E30 /* mymoviedbApp.swift in Sources */,
				1030D72F2573668700D90E30 /* SplashView.swift in Sources */,
				1030D74B25736E7700D90E30 /* SplashViewModel.swift in Sources */,
				1030D72A257365B500D90E30 /* Endpoint.swift in Sources */,
				1030D7262573658B00D90E30 /* NetworkController.swift in Sources */,
			);
			runOnlyForDeploymentPostprocessing = 0;
		};
/* End PBXSourcesBuildPhase section */

/* Begin XCBuildConfiguration section */
		1030D71E257363B400D90E30 /* Debug */ = {
			isa = XCBuildConfiguration;
			buildSettings = {
				ALWAYS_SEARCH_USER_PATHS = NO;
				CLANG_ANALYZER_NONNULL = YES;
				CLANG_ANALYZER_NUMBER_OBJECT_CONVERSION = YES_AGGRESSIVE;
				CLANG_CXX_LANGUAGE_STANDARD = "gnu++14";
				CLANG_CXX_LIBRARY = "libc++";
				CLANG_ENABLE_MODULES = YES;
				CLANG_ENABLE_OBJC_ARC = YES;
				CLANG_ENABLE_OBJC_WEAK = YES;
				CLANG_WARN_BLOCK_CAPTURE_AUTORELEASING = YES;
				CLANG_WARN_BOOL_CONVERSION = YES;
				CLANG_WARN_COMMA = YES;
				CLANG_WARN_CONSTANT_CONVERSION = YES;
				CLANG_WARN_DEPRECATED_OBJC_IMPLEMENTATIONS = YES;
				CLANG_WARN_DIRECT_OBJC_ISA_USAGE = YES_ERROR;
				CLANG_WARN_DOCUMENTATION_COMMENTS = YES;
				CLANG_WARN_EMPTY_BODY = YES;
				CLANG_WARN_ENUM_CONVERSION = YES;
				CLANG_WARN_INFINITE_RECURSION = YES;
				CLANG_WARN_INT_CONVERSION = YES;
				CLANG_WARN_NON_LITERAL_NULL_CONVERSION = YES;
				CLANG_WARN_OBJC_IMPLICIT_RETAIN_SELF = YES;
				CLANG_WARN_OBJC_LITERAL_CONVERSION = YES;
				CLANG_WARN_OBJC_ROOT_CLASS = YES_ERROR;
				CLANG_WARN_QUOTED_INCLUDE_IN_FRAMEWORK_HEADER = YES;
				CLANG_WARN_RANGE_LOOP_ANALYSIS = YES;
				CLANG_WARN_STRICT_PROTOTYPES = YES;
				CLANG_WARN_SUSPICIOUS_MOVE = YES;
				CLANG_WARN_UNGUARDED_AVAILABILITY = YES_AGGRESSIVE;
				CLANG_WARN_UNREACHABLE_CODE = YES;
				CLANG_WARN__DUPLICATE_METHOD_MATCH = YES;
				COPY_PHASE_STRIP = NO;
				DEBUG_INFORMATION_FORMAT = dwarf;
				ENABLE_STRICT_OBJC_MSGSEND = YES;
				ENABLE_TESTABILITY = YES;
				GCC_C_LANGUAGE_STANDARD = gnu11;
				GCC_DYNAMIC_NO_PIC = NO;
				GCC_NO_COMMON_BLOCKS = YES;
				GCC_OPTIMIZATION_LEVEL = 0;
				GCC_PREPROCESSOR_DEFINITIONS = (
					"DEBUG=1",
					"$(inherited)",
				);
				GCC_WARN_64_TO_32_BIT_CONVERSION = YES;
				GCC_WARN_ABOUT_RETURN_TYPE = YES_ERROR;
				GCC_WARN_UNDECLARED_SELECTOR = YES;
				GCC_WARN_UNINITIALIZED_AUTOS = YES_AGGRESSIVE;
				GCC_WARN_UNUSED_FUNCTION = YES;
				GCC_WARN_UNUSED_VARIABLE = YES;
				IPHONEOS_DEPLOYMENT_TARGET = 14.2;
				MTL_ENABLE_DEBUG_INFO = INCLUDE_SOURCE;
				MTL_FAST_MATH = YES;
				ONLY_ACTIVE_ARCH = YES;
				SDKROOT = iphoneos;
				SWIFT_ACTIVE_COMPILATION_CONDITIONS = DEBUG;
				SWIFT_OPTIMIZATION_LEVEL = "-Onone";
			};
			name = Debug;
		};
		1030D71F257363B400D90E30 /* Release */ = {
			isa = XCBuildConfiguration;
			buildSettings = {
				ALWAYS_SEARCH_USER_PATHS = NO;
				CLANG_ANALYZER_NONNULL = YES;
				CLANG_ANALYZER_NUMBER_OBJECT_CONVERSION = YES_AGGRESSIVE;
				CLANG_CXX_LANGUAGE_STANDARD = "gnu++14";
				CLANG_CXX_LIBRARY = "libc++";
				CLANG_ENABLE_MODULES = YES;
				CLANG_ENABLE_OBJC_ARC = YES;
				CLANG_ENABLE_OBJC_WEAK = YES;
				CLANG_WARN_BLOCK_CAPTURE_AUTORELEASING = YES;
				CLANG_WARN_BOOL_CONVERSION = YES;
				CLANG_WARN_COMMA = YES;
				CLANG_WARN_CONSTANT_CONVERSION = YES;
				CLANG_WARN_DEPRECATED_OBJC_IMPLEMENTATIONS = YES;
				CLANG_WARN_DIRECT_OBJC_ISA_USAGE = YES_ERROR;
				CLANG_WARN_DOCUMENTATION_COMMENTS = YES;
				CLANG_WARN_EMPTY_BODY = YES;
				CLANG_WARN_ENUM_CONVERSION = YES;
				CLANG_WARN_INFINITE_RECURSION = YES;
				CLANG_WARN_INT_CONVERSION = YES;
				CLANG_WARN_NON_LITERAL_NULL_CONVERSION = YES;
				CLANG_WARN_OBJC_IMPLICIT_RETAIN_SELF = YES;
				CLANG_WARN_OBJC_LITERAL_CONVERSION = YES;
				CLANG_WARN_OBJC_ROOT_CLASS = YES_ERROR;
				CLANG_WARN_QUOTED_INCLUDE_IN_FRAMEWORK_HEADER = YES;
				CLANG_WARN_RANGE_LOOP_ANALYSIS = YES;
				CLANG_WARN_STRICT_PROTOTYPES = YES;
				CLANG_WARN_SUSPICIOUS_MOVE = YES;
				CLANG_WARN_UNGUARDED_AVAILABILITY = YES_AGGRESSIVE;
				CLANG_WARN_UNREACHABLE_CODE = YES;
				CLANG_WARN__DUPLICATE_METHOD_MATCH = YES;
				COPY_PHASE_STRIP = NO;
				DEBUG_INFORMATION_FORMAT = "dwarf-with-dsym";
				ENABLE_NS_ASSERTIONS = NO;
				ENABLE_STRICT_OBJC_MSGSEND = YES;
				GCC_C_LANGUAGE_STANDARD = gnu11;
				GCC_NO_COMMON_BLOCKS = YES;
				GCC_WARN_64_TO_32_BIT_CONVERSION = YES;
				GCC_WARN_ABOUT_RETURN_TYPE = YES_ERROR;
				GCC_WARN_UNDECLARED_SELECTOR = YES;
				GCC_WARN_UNINITIALIZED_AUTOS = YES_AGGRESSIVE;
				GCC_WARN_UNUSED_FUNCTION = YES;
				GCC_WARN_UNUSED_VARIABLE = YES;
				IPHONEOS_DEPLOYMENT_TARGET = 14.2;
				MTL_ENABLE_DEBUG_INFO = NO;
				MTL_FAST_MATH = YES;
				SDKROOT = iphoneos;
				SWIFT_COMPILATION_MODE = wholemodule;
				SWIFT_OPTIMIZATION_LEVEL = "-O";
				VALIDATE_PRODUCT = YES;
			};
			name = Release;
		};
		1030D721257363B400D90E30 /* Debug */ = {
			isa = XCBuildConfiguration;
			baseConfigurationReference = 4C5C80C50221768675FF0469 /* Pods-mymoviedb.debug.xcconfig */;
			buildSettings = {
				ASSETCATALOG_COMPILER_APPICON_NAME = AppIcon;
				ASSETCATALOG_COMPILER_GLOBAL_ACCENT_COLOR_NAME = AccentColor;
				CODE_SIGN_STYLE = Automatic;
				DEVELOPMENT_ASSET_PATHS = "\"mymoviedb/Preview Content\"";
				DEVELOPMENT_TEAM = JWY4H4HL6L;
				ENABLE_PREVIEWS = YES;
				INFOPLIST_FILE = mymoviedb/Info.plist;
				IPHONEOS_DEPLOYMENT_TARGET = 14.0;
				LD_RUNPATH_SEARCH_PATHS = (
					"$(inherited)",
					"@executable_path/Frameworks",
				);
				PRODUCT_BUNDLE_IDENTIFIER = com.ferdi.mymoviedb;
				PRODUCT_NAME = "$(TARGET_NAME)";
				SWIFT_VERSION = 5.0;
				TARGETED_DEVICE_FAMILY = "1,2";
			};
			name = Debug;
		};
		1030D722257363B400D90E30 /* Release */ = {
			isa = XCBuildConfiguration;
			baseConfigurationReference = 3EE4FE976436B99FEFDE6F27 /* Pods-mymoviedb.release.xcconfig */;
			buildSettings = {
				ASSETCATALOG_COMPILER_APPICON_NAME = AppIcon;
				ASSETCATALOG_COMPILER_GLOBAL_ACCENT_COLOR_NAME = AccentColor;
				CODE_SIGN_STYLE = Automatic;
				DEVELOPMENT_ASSET_PATHS = "\"mymoviedb/Preview Content\"";
				DEVELOPMENT_TEAM = JWY4H4HL6L;
				ENABLE_PREVIEWS = YES;
				INFOPLIST_FILE = mymoviedb/Info.plist;
				IPHONEOS_DEPLOYMENT_TARGET = 14.0;
				LD_RUNPATH_SEARCH_PATHS = (
					"$(inherited)",
					"@executable_path/Frameworks",
				);
				PRODUCT_BUNDLE_IDENTIFIER = com.ferdi.mymoviedb;
				PRODUCT_NAME = "$(TARGET_NAME)";
				SWIFT_VERSION = 5.0;
				TARGETED_DEVICE_FAMILY = "1,2";
			};
			name = Release;
		};
/* End XCBuildConfiguration section */

/* Begin XCConfigurationList section */
		1030D70C257363B200D90E30 /* Build configuration list for PBXProject "mymoviedb" */ = {
			isa = XCConfigurationList;
			buildConfigurations = (
				1030D71E257363B400D90E30 /* Debug */,
				1030D71F257363B400D90E30 /* Release */,
			);
			defaultConfigurationIsVisible = 0;
			defaultConfigurationName = Release;
		};
		1030D720257363B400D90E30 /* Build configuration list for PBXNativeTarget "mymoviedb" */ = {
			isa = XCConfigurationList;
			buildConfigurations = (
				1030D721257363B400D90E30 /* Debug */,
				1030D722257363B400D90E30 /* Release */,
			);
			defaultConfigurationIsVisible = 0;
			defaultConfigurationName = Release;
		};
/* End XCConfigurationList section */
	};
	rootObject = 1030D709257363B200D90E30 /* Project object */;
}
